// !$*UTF8*$!
{
	archiveVersion = 1;
	classes = {
	};
	objectVersion = 46;
	objects = {

/* Begin PBXBuildFile section */
		73E7D03D14D7E4F700E03A79 /* UIKit.framework in Frameworks */ = {isa = PBXBuildFile; fileRef = 73E7D03C14D7E4F700E03A79 /* UIKit.framework */; };
		73E7D03F14D7E4F700E03A79 /* Foundation.framework in Frameworks */ = {isa = PBXBuildFile; fileRef = 73E7D03E14D7E4F700E03A79 /* Foundation.framework */; };
		73E7D04114D7E4F700E03A79 /* CoreGraphics.framework in Frameworks */ = {isa = PBXBuildFile; fileRef = 73E7D04014D7E4F700E03A79 /* CoreGraphics.framework */; };
		73E7D04714D7E4F700E03A79 /* InfoPlist.strings in Resources */ = {isa = PBXBuildFile; fileRef = 73E7D04514D7E4F700E03A79 /* InfoPlist.strings */; };
		73E7D04914D7E4F700E03A79 /* main.m in Sources */ = {isa = PBXBuildFile; fileRef = 73E7D04814D7E4F700E03A79 /* main.m */; };
		73E7D04D14D7E4F700E03A79 /* GameAppDelegate.m in Sources */ = {isa = PBXBuildFile; fileRef = 73E7D04C14D7E4F700E03A79 /* GameAppDelegate.m */; };
		73E7D05314D7E4F700E03A79 /* MainStoryboard.storyboard in Resources */ = {isa = PBXBuildFile; fileRef = 73E7D05114D7E4F700E03A79 /* MainStoryboard.storyboard */; };
		73E7D05614D7E4F700E03A79 /* GameViewController.m in Sources */ = {isa = PBXBuildFile; fileRef = 73E7D05514D7E4F700E03A79 /* GameViewController.m */; };
		73E7D05E14D7E4F800E03A79 /* SenTestingKit.framework in Frameworks */ = {isa = PBXBuildFile; fileRef = 73E7D05D14D7E4F800E03A79 /* SenTestingKit.framework */; };
		73E7D05F14D7E4F800E03A79 /* UIKit.framework in Frameworks */ = {isa = PBXBuildFile; fileRef = 73E7D03C14D7E4F700E03A79 /* UIKit.framework */; };
		73E7D06014D7E4F800E03A79 /* Foundation.framework in Frameworks */ = {isa = PBXBuildFile; fileRef = 73E7D03E14D7E4F700E03A79 /* Foundation.framework */; };
		73E7D06814D7E4F800E03A79 /* InfoPlist.strings in Resources */ = {isa = PBXBuildFile; fileRef = 73E7D06614D7E4F800E03A79 /* InfoPlist.strings */; };
		73E7D06B14D7E4F800E03A79 /* GameTests.m in Sources */ = {isa = PBXBuildFile; fileRef = 73E7D06A14D7E4F800E03A79 /* GameTests.m */; };
		73E7D07614D7E72900E03A79 /* background.png in Resources */ = {isa = PBXBuildFile; fileRef = 73E7D07414D7E72800E03A79 /* background.png */; };
		73E7D07714D7E72900E03A79 /* ground.png in Resources */ = {isa = PBXBuildFile; fileRef = 73E7D07514D7E72800E03A79 /* ground.png */; };
		73E7D07F14D7E75E00E03A79 /* iron.png in Resources */ = {isa = PBXBuildFile; fileRef = 73E7D07914D7E75E00E03A79 /* iron.png */; };
		73E7D08014D7E75E00E03A79 /* pig.png in Resources */ = {isa = PBXBuildFile; fileRef = 73E7D07A14D7E75E00E03A79 /* pig.png */; };
		73E7D08114D7E75E00E03A79 /* stone.png in Resources */ = {isa = PBXBuildFile; fileRef = 73E7D07B14D7E75E00E03A79 /* stone.png */; };
		73E7D08214D7E75E00E03A79 /* straw.png in Resources */ = {isa = PBXBuildFile; fileRef = 73E7D07C14D7E75E00E03A79 /* straw.png */; };
		73E7D08314D7E75E00E03A79 /* wolfs.png in Resources */ = {isa = PBXBuildFile; fileRef = 73E7D07D14D7E75E00E03A79 /* wolfs.png */; };
		73E7D08414D7E75E00E03A79 /* wood.png in Resources */ = {isa = PBXBuildFile; fileRef = 73E7D07E14D7E75E00E03A79 /* wood.png */; };
		73E7D0DC14D7EFD700E03A79 /* GameBlock.m in Sources */ = {isa = PBXBuildFile; fileRef = 73E7D0D514D7EFD600E03A79 /* GameBlock.m */; };
		73E7D0DD14D7EFD700E03A79 /* GameObject.m in Sources */ = {isa = PBXBuildFile; fileRef = 73E7D0D714D7EFD700E03A79 /* GameObject.m */; };
		73E7D0DE14D7EFD700E03A79 /* GamePig.m in Sources */ = {isa = PBXBuildFile; fileRef = 73E7D0D914D7EFD700E03A79 /* GamePig.m */; };
		73E7D0DF14D7EFD700E03A79 /* GameWolf.m in Sources */ = {isa = PBXBuildFile; fileRef = 73E7D0DB14D7EFD700E03A79 /* GameWolf.m */; };
/* End PBXBuildFile section */

/* Begin PBXContainerItemProxy section */
		73E7D06114D7E4F800E03A79 /* PBXContainerItemProxy */ = {
			isa = PBXContainerItemProxy;
			containerPortal = 73E7D02F14D7E4F700E03A79 /* Project object */;
			proxyType = 1;
			remoteGlobalIDString = 73E7D03714D7E4F700E03A79;
			remoteInfo = Game;
		};
/* End PBXContainerItemProxy section */

/* Begin PBXFileReference section */
		73E7D03814D7E4F700E03A79 /* Game.app */ = {isa = PBXFileReference; explicitFileType = wrapper.application; includeInIndex = 0; path = Game.app; sourceTree = BUILT_PRODUCTS_DIR; };
		73E7D03C14D7E4F700E03A79 /* UIKit.framework */ = {isa = PBXFileReference; lastKnownFileType = wrapper.framework; name = UIKit.framework; path = System/Library/Frameworks/UIKit.framework; sourceTree = SDKROOT; };
		73E7D03E14D7E4F700E03A79 /* Foundation.framework */ = {isa = PBXFileReference; lastKnownFileType = wrapper.framework; name = Foundation.framework; path = System/Library/Frameworks/Foundation.framework; sourceTree = SDKROOT; };
		73E7D04014D7E4F700E03A79 /* CoreGraphics.framework */ = {isa = PBXFileReference; lastKnownFileType = wrapper.framework; name = CoreGraphics.framework; path = System/Library/Frameworks/CoreGraphics.framework; sourceTree = SDKROOT; };
		73E7D04414D7E4F700E03A79 /* Game-Info.plist */ = {isa = PBXFileReference; lastKnownFileType = text.plist.xml; path = "Game-Info.plist"; sourceTree = "<group>"; };
		73E7D04614D7E4F700E03A79 /* en */ = {isa = PBXFileReference; lastKnownFileType = text.plist.strings; name = en; path = en.lproj/InfoPlist.strings; sourceTree = "<group>"; };
		73E7D04814D7E4F700E03A79 /* main.m */ = {isa = PBXFileReference; lastKnownFileType = sourcecode.c.objc; path = main.m; sourceTree = "<group>"; };
		73E7D04A14D7E4F700E03A79 /* Game-Prefix.pch */ = {isa = PBXFileReference; lastKnownFileType = sourcecode.c.h; path = "Game-Prefix.pch"; sourceTree = "<group>"; };
		73E7D04B14D7E4F700E03A79 /* GameAppDelegate.h */ = {isa = PBXFileReference; lastKnownFileType = sourcecode.c.h; path = GameAppDelegate.h; sourceTree = "<group>"; };
		73E7D04C14D7E4F700E03A79 /* GameAppDelegate.m */ = {isa = PBXFileReference; lastKnownFileType = sourcecode.c.objc; path = GameAppDelegate.m; sourceTree = "<group>"; };
		73E7D05214D7E4F700E03A79 /* en */ = {isa = PBXFileReference; lastKnownFileType = file.storyboard; name = en; path = en.lproj/MainStoryboard.storyboard; sourceTree = "<group>"; };
		73E7D05414D7E4F700E03A79 /* GameViewController.h */ = {isa = PBXFileReference; lastKnownFileType = sourcecode.c.h; path = GameViewController.h; sourceTree = "<group>"; };
		73E7D05514D7E4F700E03A79 /* GameViewController.m */ = {isa = PBXFileReference; lastKnownFileType = sourcecode.c.objc; path = GameViewController.m; sourceTree = "<group>"; };
		73E7D05C14D7E4F800E03A79 /* GameTests.octest */ = {isa = PBXFileReference; explicitFileType = wrapper.cfbundle; includeInIndex = 0; path = GameTests.octest; sourceTree = BUILT_PRODUCTS_DIR; };
		73E7D05D14D7E4F800E03A79 /* SenTestingKit.framework */ = {isa = PBXFileReference; lastKnownFileType = wrapper.framework; name = SenTestingKit.framework; path = Library/Frameworks/SenTestingKit.framework; sourceTree = DEVELOPER_DIR; };
		73E7D06514D7E4F800E03A79 /* GameTests-Info.plist */ = {isa = PBXFileReference; lastKnownFileType = text.plist.xml; path = "GameTests-Info.plist"; sourceTree = "<group>"; };
		73E7D06714D7E4F800E03A79 /* en */ = {isa = PBXFileReference; lastKnownFileType = text.plist.strings; name = en; path = en.lproj/InfoPlist.strings; sourceTree = "<group>"; };
		73E7D06914D7E4F800E03A79 /* GameTests.h */ = {isa = PBXFileReference; lastKnownFileType = sourcecode.c.h; path = GameTests.h; sourceTree = "<group>"; };
		73E7D06A14D7E4F800E03A79 /* GameTests.m */ = {isa = PBXFileReference; lastKnownFileType = sourcecode.c.objc; path = GameTests.m; sourceTree = "<group>"; };
		73E7D07414D7E72800E03A79 /* background.png */ = {isa = PBXFileReference; lastKnownFileType = image.png; path = background.png; sourceTree = "<group>"; };
		73E7D07514D7E72800E03A79 /* ground.png */ = {isa = PBXFileReference; lastKnownFileType = image.png; path = ground.png; sourceTree = "<group>"; };
		73E7D07914D7E75E00E03A79 /* iron.png */ = {isa = PBXFileReference; lastKnownFileType = image.png; path = iron.png; sourceTree = "<group>"; };
		73E7D07A14D7E75E00E03A79 /* pig.png */ = {isa = PBXFileReference; lastKnownFileType = image.png; path = pig.png; sourceTree = "<group>"; };
		73E7D07B14D7E75E00E03A79 /* stone.png */ = {isa = PBXFileReference; lastKnownFileType = image.png; path = stone.png; sourceTree = "<group>"; };
		73E7D07C14D7E75E00E03A79 /* straw.png */ = {isa = PBXFileReference; lastKnownFileType = image.png; path = straw.png; sourceTree = "<group>"; };
		73E7D07D14D7E75E00E03A79 /* wolfs.png */ = {isa = PBXFileReference; lastKnownFileType = image.png; path = wolfs.png; sourceTree = "<group>"; };
		73E7D07E14D7E75E00E03A79 /* wood.png */ = {isa = PBXFileReference; lastKnownFileType = image.png; path = wood.png; sourceTree = "<group>"; };
		73E7D0D414D7EFD600E03A79 /* GameBlock.h */ = {isa = PBXFileReference; fileEncoding = 4; lastKnownFileType = sourcecode.c.h; path = GameBlock.h; sourceTree = "<group>"; };
		73E7D0D514D7EFD600E03A79 /* GameBlock.m */ = {isa = PBXFileReference; fileEncoding = 4; lastKnownFileType = sourcecode.c.objc; path = GameBlock.m; sourceTree = "<group>"; };
		73E7D0D614D7EFD700E03A79 /* GameObject.h */ = {isa = PBXFileReference; fileEncoding = 4; lastKnownFileType = sourcecode.c.h; path = GameObject.h; sourceTree = "<group>"; };
		73E7D0D714D7EFD700E03A79 /* GameObject.m */ = {isa = PBXFileReference; fileEncoding = 4; lastKnownFileType = sourcecode.c.objc; path = GameObject.m; sourceTree = "<group>"; };
		73E7D0D814D7EFD700E03A79 /* GamePig.h */ = {isa = PBXFileReference; fileEncoding = 4; lastKnownFileType = sourcecode.c.h; path = GamePig.h; sourceTree = "<group>"; };
		73E7D0D914D7EFD700E03A79 /* GamePig.m */ = {isa = PBXFileReference; fileEncoding = 4; lastKnownFileType = sourcecode.c.objc; path = GamePig.m; sourceTree = "<group>"; };
		73E7D0DA14D7EFD700E03A79 /* GameWolf.h */ = {isa = PBXFileReference; fileEncoding = 4; lastKnownFileType = sourcecode.c.h; path = GameWolf.h; sourceTree = "<group>"; };
		73E7D0DB14D7EFD700E03A79 /* GameWolf.m */ = {isa = PBXFileReference; fileEncoding = 4; lastKnownFileType = sourcecode.c.objc; path = GameWolf.m; sourceTree = "<group>"; };
/* End PBXFileReference section */

/* Begin PBXFrameworksBuildPhase section */
		73E7D03514D7E4F700E03A79 /* Frameworks */ = {
			isa = PBXFrameworksBuildPhase;
			buildActionMask = 2147483647;
			files = (
				73E7D03D14D7E4F700E03A79 /* UIKit.framework in Frameworks */,
				73E7D03F14D7E4F700E03A79 /* Foundation.framework in Frameworks */,
				73E7D04114D7E4F700E03A79 /* CoreGraphics.framework in Frameworks */,
			);
			runOnlyForDeploymentPostprocessing = 0;
		};
		73E7D05814D7E4F800E03A79 /* Frameworks */ = {
			isa = PBXFrameworksBuildPhase;
			buildActionMask = 2147483647;
			files = (
				73E7D05E14D7E4F800E03A79 /* SenTestingKit.framework in Frameworks */,
				73E7D05F14D7E4F800E03A79 /* UIKit.framework in Frameworks */,
				73E7D06014D7E4F800E03A79 /* Foundation.framework in Frameworks */,
			);
			runOnlyForDeploymentPostprocessing = 0;
		};
/* End PBXFrameworksBuildPhase section */

/* Begin PBXGroup section */
		73E7D02D14D7E4F700E03A79 = {
			isa = PBXGroup;
			children = (
				73E7D04214D7E4F700E03A79 /* Game */,
				73E7D06314D7E4F800E03A79 /* GameTests */,
				73E7D03B14D7E4F700E03A79 /* Frameworks */,
				73E7D03914D7E4F700E03A79 /* Products */,
			);
			sourceTree = "<group>";
		};
		73E7D03914D7E4F700E03A79 /* Products */ = {
			isa = PBXGroup;
			children = (
				73E7D03814D7E4F700E03A79 /* Game.app */,
				73E7D05C14D7E4F800E03A79 /* GameTests.octest */,
			);
			name = Products;
			sourceTree = "<group>";
		};
		73E7D03B14D7E4F700E03A79 /* Frameworks */ = {
			isa = PBXGroup;
			children = (
				73E7D03C14D7E4F700E03A79 /* UIKit.framework */,
				73E7D03E14D7E4F700E03A79 /* Foundation.framework */,
				73E7D04014D7E4F700E03A79 /* CoreGraphics.framework */,
				73E7D05D14D7E4F800E03A79 /* SenTestingKit.framework */,
			);
			name = Frameworks;
			sourceTree = "<group>";
		};
		73E7D04214D7E4F700E03A79 /* Game */ = {
			isa = PBXGroup;
			children = (
				73E7D0D614D7EFD700E03A79 /* GameObject.h */,
				73E7D0D714D7EFD700E03A79 /* GameObject.m */,
				73E7D0D414D7EFD600E03A79 /* GameBlock.h */,
				73E7D0D514D7EFD600E03A79 /* GameBlock.m */,
				73E7D0D814D7EFD700E03A79 /* GamePig.h */,
				73E7D0D914D7EFD700E03A79 /* GamePig.m */,
				73E7D0DA14D7EFD700E03A79 /* GameWolf.h */,
				73E7D0DB14D7EFD700E03A79 /* GameWolf.m */,
				73E7D07814D7E73900E03A79 /* Images */,
				73E7D04B14D7E4F700E03A79 /* GameAppDelegate.h */,
				73E7D04C14D7E4F700E03A79 /* GameAppDelegate.m */,
				73E7D05114D7E4F700E03A79 /* MainStoryboard.storyboard */,
				73E7D05414D7E4F700E03A79 /* GameViewController.h */,
				73E7D05514D7E4F700E03A79 /* GameViewController.m */,
				73E7D04314D7E4F700E03A79 /* Supporting Files */,
			);
			path = Game;
			sourceTree = "<group>";
		};
		73E7D04314D7E4F700E03A79 /* Supporting Files */ = {
			isa = PBXGroup;
			children = (
				73E7D04414D7E4F700E03A79 /* Game-Info.plist */,
				73E7D04514D7E4F700E03A79 /* InfoPlist.strings */,
				73E7D04814D7E4F700E03A79 /* main.m */,
				73E7D04A14D7E4F700E03A79 /* Game-Prefix.pch */,
			);
			name = "Supporting Files";
			sourceTree = "<group>";
		};
		73E7D06314D7E4F800E03A79 /* GameTests */ = {
			isa = PBXGroup;
			children = (
				73E7D06914D7E4F800E03A79 /* GameTests.h */,
				73E7D06A14D7E4F800E03A79 /* GameTests.m */,
				73E7D06414D7E4F800E03A79 /* Supporting Files */,
			);
			path = GameTests;
			sourceTree = "<group>";
		};
		73E7D06414D7E4F800E03A79 /* Supporting Files */ = {
			isa = PBXGroup;
			children = (
				73E7D06514D7E4F800E03A79 /* GameTests-Info.plist */,
				73E7D06614D7E4F800E03A79 /* InfoPlist.strings */,
			);
			name = "Supporting Files";
			sourceTree = "<group>";
		};
		73E7D07814D7E73900E03A79 /* Images */ = {
			isa = PBXGroup;
			children = (
				73E7D07914D7E75E00E03A79 /* iron.png */,
				73E7D07A14D7E75E00E03A79 /* pig.png */,
				73E7D07B14D7E75E00E03A79 /* stone.png */,
				73E7D07C14D7E75E00E03A79 /* straw.png */,
				73E7D07D14D7E75E00E03A79 /* wolfs.png */,
				73E7D07E14D7E75E00E03A79 /* wood.png */,
				73E7D07414D7E72800E03A79 /* background.png */,
				73E7D07514D7E72800E03A79 /* ground.png */,
			);
			name = Images;
			sourceTree = "<group>";
		};
/* End PBXGroup section */

/* Begin PBXNativeTarget section */
		73E7D03714D7E4F700E03A79 /* Game */ = {
			isa = PBXNativeTarget;
			buildConfigurationList = 73E7D06E14D7E4F800E03A79 /* Build configuration list for PBXNativeTarget "Game" */;
			buildPhases = (
				73E7D03414D7E4F700E03A79 /* Sources */,
				73E7D03514D7E4F700E03A79 /* Frameworks */,
				73E7D03614D7E4F700E03A79 /* Resources */,
			);
			buildRules = (
			);
			dependencies = (
			);
			name = Game;
			productName = Game;
			productReference = 73E7D03814D7E4F700E03A79 /* Game.app */;
			productType = "com.apple.product-type.application";
		};
		73E7D05B14D7E4F800E03A79 /* GameTests */ = {
			isa = PBXNativeTarget;
			buildConfigurationList = 73E7D07114D7E4F800E03A79 /* Build configuration list for PBXNativeTarget "GameTests" */;
			buildPhases = (
				73E7D05714D7E4F800E03A79 /* Sources */,
				73E7D05814D7E4F800E03A79 /* Frameworks */,
				73E7D05914D7E4F800E03A79 /* Resources */,
				73E7D05A14D7E4F800E03A79 /* ShellScript */,
			);
			buildRules = (
			);
			dependencies = (
				73E7D06214D7E4F800E03A79 /* PBXTargetDependency */,
			);
			name = GameTests;
			productName = GameTests;
			productReference = 73E7D05C14D7E4F800E03A79 /* GameTests.octest */;
			productType = "com.apple.product-type.bundle";
		};
/* End PBXNativeTarget section */

/* Begin PBXProject section */
		73E7D02F14D7E4F700E03A79 /* Project object */ = {
			isa = PBXProject;
			attributes = {
				LastUpgradeCheck = 0420;
			};
			buildConfigurationList = 73E7D03214D7E4F700E03A79 /* Build configuration list for PBXProject "Game" */;
			compatibilityVersion = "Xcode 3.2";
			developmentRegion = English;
			hasScannedForEncodings = 0;
			knownRegions = (
				en,
			);
			mainGroup = 73E7D02D14D7E4F700E03A79;
			productRefGroup = 73E7D03914D7E4F700E03A79 /* Products */;
			projectDirPath = "";
			projectRoot = "";
			targets = (
				73E7D03714D7E4F700E03A79 /* Game */,
				73E7D05B14D7E4F800E03A79 /* GameTests */,
			);
		};
/* End PBXProject section */

/* Begin PBXResourcesBuildPhase section */
		73E7D03614D7E4F700E03A79 /* Resources */ = {
			isa = PBXResourcesBuildPhase;
			buildActionMask = 2147483647;
			files = (
				73E7D04714D7E4F700E03A79 /* InfoPlist.strings in Resources */,
				73E7D05314D7E4F700E03A79 /* MainStoryboard.storyboard in Resources */,
				73E7D07614D7E72900E03A79 /* background.png in Resources */,
				73E7D07714D7E72900E03A79 /* ground.png in Resources */,
				73E7D07F14D7E75E00E03A79 /* iron.png in Resources */,
				73E7D08014D7E75E00E03A79 /* pig.png in Resources */,
				73E7D08114D7E75E00E03A79 /* stone.png in Resources */,
				73E7D08214D7E75E00E03A79 /* straw.png in Resources */,
				73E7D08314D7E75E00E03A79 /* wolfs.png in Resources */,
				73E7D08414D7E75E00E03A79 /* wood.png in Resources */,
			);
			runOnlyForDeploymentPostprocessing = 0;
		};
		73E7D05914D7E4F800E03A79 /* Resources */ = {
			isa = PBXResourcesBuildPhase;
			buildActionMask = 2147483647;
			files = (
				73E7D06814D7E4F800E03A79 /* InfoPlist.strings in Resources */,
			);
			runOnlyForDeploymentPostprocessing = 0;
		};
/* End PBXResourcesBuildPhase section */

/* Begin PBXShellScriptBuildPhase section */
		73E7D05A14D7E4F800E03A79 /* ShellScript */ = {
			isa = PBXShellScriptBuildPhase;
			buildActionMask = 2147483647;
			files = (
			);
			inputPaths = (
			);
			outputPaths = (
			);
			runOnlyForDeploymentPostprocessing = 0;
			shellPath = /bin/sh;
			shellScript = "# Run the unit tests in this test bundle.\n\"${SYSTEM_DEVELOPER_DIR}/Tools/RunUnitTests\"\n";
		};
/* End PBXShellScriptBuildPhase section */

/* Begin PBXSourcesBuildPhase section */
		73E7D03414D7E4F700E03A79 /* Sources */ = {
			isa = PBXSourcesBuildPhase;
			buildActionMask = 2147483647;
			files = (
				73E7D04914D7E4F700E03A79 /* main.m in Sources */,
				73E7D04D14D7E4F700E03A79 /* GameAppDelegate.m in Sources */,
				73E7D05614D7E4F700E03A79 /* GameViewController.m in Sources */,
				73E7D0DC14D7EFD700E03A79 /* GameBlock.m in Sources */,
				73E7D0DD14D7EFD700E03A79 /* GameObject.m in Sources */,
				73E7D0DE14D7EFD700E03A79 /* GamePig.m in Sources */,
				73E7D0DF14D7EFD700E03A79 /* GameWolf.m in Sources */,
			);
			runOnlyForDeploymentPostprocessing = 0;
		};
		73E7D05714D7E4F800E03A79 /* Sources */ = {
			isa = PBXSourcesBuildPhase;
			buildActionMask = 2147483647;
			files = (
				73E7D06B14D7E4F800E03A79 /* GameTests.m in Sources */,
			);
			runOnlyForDeploymentPostprocessing = 0;
		};
/* End PBXSourcesBuildPhase section */

/* Begin PBXTargetDependency section */
		73E7D06214D7E4F800E03A79 /* PBXTargetDependency */ = {
			isa = PBXTargetDependency;
			target = 73E7D03714D7E4F700E03A79 /* Game */;
			targetProxy = 73E7D06114D7E4F800E03A79 /* PBXContainerItemProxy */;
		};
/* End PBXTargetDependency section */

/* Begin PBXVariantGroup section */
		73E7D04514D7E4F700E03A79 /* InfoPlist.strings */ = {
			isa = PBXVariantGroup;
			children = (
				73E7D04614D7E4F700E03A79 /* en */,
			);
			name = InfoPlist.strings;
			sourceTree = "<group>";
		};
		73E7D05114D7E4F700E03A79 /* MainStoryboard.storyboard */ = {
			isa = PBXVariantGroup;
			children = (
				73E7D05214D7E4F700E03A79 /* en */,
			);
			name = MainStoryboard.storyboard;
			sourceTree = "<group>";
		};
		73E7D06614D7E4F800E03A79 /* InfoPlist.strings */ = {
			isa = PBXVariantGroup;
			children = (
				73E7D06714D7E4F800E03A79 /* en */,
			);
			name = InfoPlist.strings;
			sourceTree = "<group>";
		};
/* End PBXVariantGroup section */

/* Begin XCBuildConfiguration section */
		73E7D06C14D7E4F800E03A79 /* Debug */ = {
			isa = XCBuildConfiguration;
			buildSettings = {
				ALWAYS_SEARCH_USER_PATHS = NO;
				ARCHS = "$(ARCHS_STANDARD_32_BIT)";
				CLANG_ENABLE_OBJC_ARC = YES;
				"CODE_SIGN_IDENTITY[sdk=iphoneos*]" = "iPhone Developer";
				COPY_PHASE_STRIP = NO;
				GCC_C_LANGUAGE_STANDARD = gnu99;
				GCC_DYNAMIC_NO_PIC = NO;
				GCC_OPTIMIZATION_LEVEL = 0;
				GCC_PREPROCESSOR_DEFINITIONS = (
					"DEBUG=1",
					"$(inherited)",
				);
				GCC_SYMBOLS_PRIVATE_EXTERN = NO;
				GCC_VERSION = com.apple.compilers.llvm.clang.1_0;
				GCC_WARN_ABOUT_MISSING_PROTOTYPES = YES;
				GCC_WARN_ABOUT_RETURN_TYPE = YES;
				GCC_WARN_UNUSED_VARIABLE = YES;
				IPHONEOS_DEPLOYMENT_TARGET = 5.0;
				SDKROOT = iphoneos;
				TARGETED_DEVICE_FAMILY = "1,2";
			};
			name = Debug;
		};
		73E7D06D14D7E4F800E03A79 /* Release */ = {
			isa = XCBuildConfiguration;
			buildSettings = {
				ALWAYS_SEARCH_USER_PATHS = NO;
				ARCHS = "$(ARCHS_STANDARD_32_BIT)";
				CLANG_ENABLE_OBJC_ARC = YES;
				"CODE_SIGN_IDENTITY[sdk=iphoneos*]" = "iPhone Developer";
				COPY_PHASE_STRIP = YES;
				GCC_C_LANGUAGE_STANDARD = gnu99;
				GCC_VERSION = com.apple.compilers.llvm.clang.1_0;
				GCC_WARN_ABOUT_MISSING_PROTOTYPES = YES;
				GCC_WARN_ABOUT_RETURN_TYPE = YES;
				GCC_WARN_UNUSED_VARIABLE = YES;
				IPHONEOS_DEPLOYMENT_TARGET = 5.0;
				OTHER_CFLAGS = "-DNS_BLOCK_ASSERTIONS=1";
				SDKROOT = iphoneos;
				TARGETED_DEVICE_FAMILY = "1,2";
				VALIDATE_PRODUCT = YES;
			};
			name = Release;
		};
		73E7D06F14D7E4F800E03A79 /* Debug */ = {
			isa = XCBuildConfiguration;
			buildSettings = {
				GCC_PRECOMPILE_PREFIX_HEADER = YES;
				GCC_PREFIX_HEADER = "Game/Game-Prefix.pch";
				INFOPLIST_FILE = "Game/Game-Info.plist";
				PRODUCT_NAME = "$(TARGET_NAME)";
				TARGETED_DEVICE_FAMILY = 2;
				WRAPPER_EXTENSION = app;
			};
			name = Debug;
		};
		73E7D07014D7E4F800E03A79 /* Release */ = {
			isa = XCBuildConfiguration;
			buildSettings = {
				GCC_PRECOMPILE_PREFIX_HEADER = YES;
				GCC_PREFIX_HEADER = "Game/Game-Prefix.pch";
				INFOPLIST_FILE = "Game/Game-Info.plist";
				PRODUCT_NAME = "$(TARGET_NAME)";
				TARGETED_DEVICE_FAMILY = 2;
				WRAPPER_EXTENSION = app;
			};
			name = Release;
		};
		73E7D07214D7E4F800E03A79 /* Debug */ = {
			isa = XCBuildConfiguration;
			buildSettings = {
				BUNDLE_LOADER = "$(BUILT_PRODUCTS_DIR)/Game.app/Game";
				FRAMEWORK_SEARCH_PATHS = (
					"$(SDKROOT)/Developer/Library/Frameworks",
					"$(DEVELOPER_LIBRARY_DIR)/Frameworks",
				);
				GCC_PRECOMPILE_PREFIX_HEADER = YES;
				GCC_PREFIX_HEADER = "Game/Game-Prefix.pch";
				INFOPLIST_FILE = "GameTests/GameTests-Info.plist";
				PRODUCT_NAME = "$(TARGET_NAME)";
				TEST_HOST = "$(BUNDLE_LOADER)";
				WRAPPER_EXTENSION = octest;
			};
			name = Debug;
		};
		73E7D07314D7E4F800E03A79 /* Release */ = {
			isa = XCBuildConfiguration;
			buildSettings = {
				BUNDLE_LOADER = "$(BUILT_PRODUCTS_DIR)/Game.app/Game";
				FRAMEWORK_SEARCH_PATHS = (
					"$(SDKROOT)/Developer/Library/Frameworks",
					"$(DEVELOPER_LIBRARY_DIR)/Frameworks",
				);
				GCC_PRECOMPILE_PREFIX_HEADER = YES;
				GCC_PREFIX_HEADER = "Game/Game-Prefix.pch";
				INFOPLIST_FILE = "GameTests/GameTests-Info.plist";
				PRODUCT_NAME = "$(TARGET_NAME)";
				TEST_HOST = "$(BUNDLE_LOADER)";
				WRAPPER_EXTENSION = octest;
			};
			name = Release;
		};
/* End XCBuildConfiguration section */

/* Begin XCConfigurationList section */
		73E7D03214D7E4F700E03A79 /* Build configuration list for PBXProject "Game" */ = {
			isa = XCConfigurationList;
			buildConfigurations = (
				73E7D06C14D7E4F800E03A79 /* Debug */,
				73E7D06D14D7E4F800E03A79 /* Release */,
			);
			defaultConfigurationIsVisible = 0;
			defaultConfigurationName = Release;
		};
		73E7D06E14D7E4F800E03A79 /* Build configuration list for PBXNativeTarget "Game" */ = {
			isa = XCConfigurationList;
			buildConfigurations = (
				73E7D06F14D7E4F800E03A79 /* Debug */,
				73E7D07014D7E4F800E03A79 /* Release */,
			);
			defaultConfigurationIsVisible = 0;
			defaultConfigurationName = Release;
		};
		73E7D07114D7E4F800E03A79 /* Build configuration list for PBXNativeTarget "GameTests" */ = {
			isa = XCConfigurationList;
			buildConfigurations = (
				73E7D07214D7E4F800E03A79 /* Debug */,
				73E7D07314D7E4F800E03A79 /* Release */,
			);
			defaultConfigurationIsVisible = 0;
			defaultConfigurationName = Release;
		};
/* End XCConfigurationList section */
	};
	rootObject = 73E7D02F14D7E4F700E03A79 /* Project object */;
}
